// !$*UTF8*$!
{
	archiveVersion = 1;
	classes = {
	};
	objectVersion = 55;
	objects = {

/* Begin PBXBuildFile section */
		FCB2AD9028B6D62B0098470C /* AppDelegate.swift in Sources */ = {isa = PBXBuildFile; fileRef = FCB2AD8F28B6D62B0098470C /* AppDelegate.swift */; };
		FCB2AD9228B6D62B0098470C /* SceneDelegate.swift in Sources */ = {isa = PBXBuildFile; fileRef = FCB2AD9128B6D62B0098470C /* SceneDelegate.swift */; };
		FCB2AD9428B6D62B0098470C /* ViewController.swift in Sources */ = {isa = PBXBuildFile; fileRef = FCB2AD9328B6D62B0098470C /* ViewController.swift */; };
		FCB2AD9728B6D62B0098470C /* Main.storyboard in Resources */ = {isa = PBXBuildFile; fileRef = FCB2AD9528B6D62B0098470C /* Main.storyboard */; };
		FCB2AD9928B6D6320098470C /* Assets.xcassets in Resources */ = {isa = PBXBuildFile; fileRef = FCB2AD9828B6D6320098470C /* Assets.xcassets */; };
		FCB2AD9C28B6D6320098470C /* LaunchScreen.storyboard in Resources */ = {isa = PBXBuildFile; fileRef = FCB2AD9A28B6D6320098470C /* LaunchScreen.storyboard */; };
		FCB2ADA728B6D6330098470C /* PreworkTests.swift in Sources */ = {isa = PBXBuildFile; fileRef = FCB2ADA628B6D6330098470C /* PreworkTests.swift */; };
		FCB2ADB128B6D6330098470C /* PreworkUITests.swift in Sources */ = {isa = PBXBuildFile; fileRef = FCB2ADB028B6D6330098470C /* PreworkUITests.swift */; };
		FCB2ADB328B6D6330098470C /* PreworkUITestsLaunchTests.swift in Sources */ = {isa = PBXBuildFile; fileRef = FCB2ADB228B6D6330098470C /* PreworkUITestsLaunchTests.swift */; };
/* End PBXBuildFile section */

/* Begin PBXContainerItemProxy section */
		FCB2ADA328B6D6330098470C /* PBXContainerItemProxy */ = {
			isa = PBXContainerItemProxy;
			containerPortal = FCB2AD8428B6D62B0098470C /* Project object */;
			proxyType = 1;
			remoteGlobalIDString = FCB2AD8B28B6D62B0098470C;
			remoteInfo = Prework;
		};
		FCB2ADAD28B6D6330098470C /* PBXContainerItemProxy */ = {
			isa = PBXContainerItemProxy;
			containerPortal = FCB2AD8428B6D62B0098470C /* Project object */;
			proxyType = 1;
			remoteGlobalIDString = FCB2AD8B28B6D62B0098470C;
			remoteInfo = Prework;
		};
/* End PBXContainerItemProxy section */

/* Begin PBXFileReference section */
		FCB2AD8C28B6D62B0098470C /* Prework.app */ = {isa = PBXFileReference; explicitFileType = wrapper.application; includeInIndex = 0; path = Prework.app; sourceTree = BUILT_PRODUCTS_DIR; };
		FCB2AD8F28B6D62B0098470C /* AppDelegate.swift */ = {isa = PBXFileReference; lastKnownFileType = sourcecode.swift; path = AppDelegate.swift; sourceTree = "<group>"; };
		FCB2AD9128B6D62B0098470C /* SceneDelegate.swift */ = {isa = PBXFileReference; lastKnownFileType = sourcecode.swift; path = SceneDelegate.swift; sourceTree = "<group>"; };
		FCB2AD9328B6D62B0098470C /* ViewController.swift */ = {isa = PBXFileReference; lastKnownFileType = sourcecode.swift; path = ViewController.swift; sourceTree = "<group>"; };
		FCB2AD9628B6D62B0098470C /* Base */ = {isa = PBXFileReference; lastKnownFileType = file.storyboard; name = Base; path = Base.lproj/Main.storyboard; sourceTree = "<group>"; };
		FCB2AD9828B6D6320098470C /* Assets.xcassets */ = {isa = PBXFileReference; lastKnownFileType = folder.assetcatalog; path = Assets.xcassets; sourceTree = "<group>"; };
		FCB2AD9B28B6D6320098470C /* Base */ = {isa = PBXFileReference; lastKnownFileType = file.storyboard; name = Base; path = Base.lproj/LaunchScreen.storyboard; sourceTree = "<group>"; };
		FCB2AD9D28B6D6320098470C /* Info.plist */ = {isa = PBXFileReference; lastKnownFileType = text.plist.xml; path = Info.plist; sourceTree = "<group>"; };
		FCB2ADA228B6D6330098470C /* PreworkTests.xctest */ = {isa = PBXFileReference; explicitFileType = wrapper.cfbundle; includeInIndex = 0; path = PreworkTests.xctest; sourceTree = BUILT_PRODUCTS_DIR; };
		FCB2ADA628B6D6330098470C /* PreworkTests.swift */ = {isa = PBXFileReference; lastKnownFileType = sourcecode.swift; path = PreworkTests.swift; sourceTree = "<group>"; };
		FCB2ADAC28B6D6330098470C /* PreworkUITests.xctest */ = {isa = PBXFileReference; explicitFileType = wrapper.cfbundle; includeInIndex = 0; path = PreworkUITests.xctest; sourceTree = BUILT_PRODUCTS_DIR; };
		FCB2ADB028B6D6330098470C /* PreworkUITests.swift */ = {isa = PBXFileReference; lastKnownFileType = sourcecode.swift; path = PreworkUITests.swift; sourceTree = "<group>"; };
		FCB2ADB228B6D6330098470C /* PreworkUITestsLaunchTests.swift */ = {isa = PBXFileReference; lastKnownFileType = sourcecode.swift; path = PreworkUITestsLaunchTests.swift; sourceTree = "<group>"; };
/* End PBXFileReference section */

/* Begin PBXFrameworksBuildPhase section */
		FCB2AD8928B6D62B0098470C /* Frameworks */ = {
			isa = PBXFrameworksBuildPhase;
			buildActionMask = 2147483647;
			files = (
			);
			runOnlyForDeploymentPostprocessing = 0;
		};
		FCB2AD9F28B6D6330098470C /* Frameworks */ = {
			isa = PBXFrameworksBuildPhase;
			buildActionMask = 2147483647;
			files = (
			);
			runOnlyForDeploymentPostprocessing = 0;
		};
		FCB2ADA928B6D6330098470C /* Frameworks */ = {
			isa = PBXFrameworksBuildPhase;
			buildActionMask = 2147483647;
			files = (
			);
			runOnlyForDeploymentPostprocessing = 0;
		};
/* End PBXFrameworksBuildPhase section */

/* Begin PBXGroup section */
		FCB2AD8328B6D62B0098470C = {
			isa = PBXGroup;
			children = (
				FCB2AD8E28B6D62B0098470C /* Prework */,
				FCB2ADA528B6D6330098470C /* PreworkTests */,
				FCB2ADAF28B6D6330098470C /* PreworkUITests */,
				FCB2AD8D28B6D62B0098470C /* Products */,
			);
			sourceTree = "<group>";
		};
		FCB2AD8D28B6D62B0098470C /* Products */ = {
			isa = PBXGroup;
			children = (
				FCB2AD8C28B6D62B0098470C /* Prework.app */,
				FCB2ADA228B6D6330098470C /* PreworkTests.xctest */,
				FCB2ADAC28B6D6330098470C /* PreworkUITests.xctest */,
			);
			name = Products;
			sourceTree = "<group>";
		};
		FCB2AD8E28B6D62B0098470C /* Prework */ = {
			isa = PBXGroup;
			children = (
				FCB2AD8F28B6D62B0098470C /* AppDelegate.swift */,
				FCB2AD9128B6D62B0098470C /* SceneDelegate.swift */,
				FCB2AD9328B6D62B0098470C /* ViewController.swift */,
				FCB2AD9528B6D62B0098470C /* Main.storyboard */,
				FCB2AD9828B6D6320098470C /* Assets.xcassets */,
				FCB2AD9A28B6D6320098470C /* LaunchScreen.storyboard */,
				FCB2AD9D28B6D6320098470C /* Info.plist */,
			);
			path = Prework;
			sourceTree = "<group>";
		};
		FCB2ADA528B6D6330098470C /* PreworkTests */ = {
			isa = PBXGroup;
			children = (
				FCB2ADA628B6D6330098470C /* PreworkTests.swift */,
			);
			path = PreworkTests;
			sourceTree = "<group>";
		};
		FCB2ADAF28B6D6330098470C /* PreworkUITests */ = {
			isa = PBXGroup;
			children = (
				FCB2ADB028B6D6330098470C /* PreworkUITests.swift */,
				FCB2ADB228B6D6330098470C /* PreworkUITestsLaunchTests.swift */,
			);
			path = PreworkUITests;
			sourceTree = "<group>";
		};
/* End PBXGroup section */

/* Begin PBXNativeTarget section */
		FCB2AD8B28B6D62B0098470C /* Prework */ = {
			isa = PBXNativeTarget;
			buildConfigurationList = FCB2ADB628B6D6330098470C /* Build configuration list for PBXNativeTarget "Prework" */;
			buildPhases = (
				FCB2AD8828B6D62B0098470C /* Sources */,
				FCB2AD8928B6D62B0098470C /* Frameworks */,
				FCB2AD8A28B6D62B0098470C /* Resources */,
			);
			buildRules = (
			);
			dependencies = (
			);
			name = Prework;
			productName = Prework;
			productReference = FCB2AD8C28B6D62B0098470C /* Prework.app */;
			productType = "com.apple.product-type.application";
		};
		FCB2ADA128B6D6330098470C /* PreworkTests */ = {
			isa = PBXNativeTarget;
			buildConfigurationList = FCB2ADB928B6D6330098470C /* Build configuration list for PBXNativeTarget "PreworkTests" */;
			buildPhases = (
				FCB2AD9E28B6D6330098470C /* Sources */,
				FCB2AD9F28B6D6330098470C /* Frameworks */,
				FCB2ADA028B6D6330098470C /* Resources */,
			);
			buildRules = (
			);
			dependencies = (
				FCB2ADA428B6D6330098470C /* PBXTargetDependency */,
			);
			name = PreworkTests;
			productName = PreworkTests;
			productReference = FCB2ADA228B6D6330098470C /* PreworkTests.xctest */;
			productType = "com.apple.product-type.bundle.unit-test";
		};
		FCB2ADAB28B6D6330098470C /* PreworkUITests */ = {
			isa = PBXNativeTarget;
			buildConfigurationList = FCB2ADBC28B6D6330098470C /* Build configuration list for PBXNativeTarget "PreworkUITests" */;
			buildPhases = (
				FCB2ADA828B6D6330098470C /* Sources */,
				FCB2ADA928B6D6330098470C /* Frameworks */,
				FCB2ADAA28B6D6330098470C /* Resources */,
			);
			buildRules = (
			);
			dependencies = (
				FCB2ADAE28B6D6330098470C /* PBXTargetDependency */,
			);
			name = PreworkUITests;
			productName = PreworkUITests;
			productReference = FCB2ADAC28B6D6330098470C /* PreworkUITests.xctest */;
			productType = "com.apple.product-type.bundle.ui-testing";
		};
/* End PBXNativeTarget section */

/* Begin PBXProject section */
		FCB2AD8428B6D62B0098470C /* Project object */ = {
			isa = PBXProject;
			attributes = {
				BuildIndependentTargetsInParallel = 1;
				LastSwiftUpdateCheck = 1320;
				LastUpgradeCheck = 1320;
				TargetAttributes = {
					FCB2AD8B28B6D62B0098470C = {
						CreatedOnToolsVersion = 13.2.1;
					};
					FCB2ADA128B6D6330098470C = {
						CreatedOnToolsVersion = 13.2.1;
						TestTargetID = FCB2AD8B28B6D62B0098470C;
					};
					FCB2ADAB28B6D6330098470C = {
						CreatedOnToolsVersion = 13.2.1;
						TestTargetID = FCB2AD8B28B6D62B0098470C;
					};
				};
			};
			buildConfigurationList = FCB2AD8728B6D62B0098470C /* Build configuration list for PBXProject "Prework" */;
			compatibilityVersion = "Xcode 13.0";
			developmentRegion = en;
			hasScannedForEncodings = 0;
			knownRegions = (
				en,
				Base,
			);
			mainGroup = FCB2AD8328B6D62B0098470C;
			productRefGroup = FCB2AD8D28B6D62B0098470C /* Products */;
			projectDirPath = "";
			projectRoot = "";
			targets = (
				FCB2AD8B28B6D62B0098470C /* Prework */,
				FCB2ADA128B6D6330098470C /* PreworkTests */,
				FCB2ADAB28B6D6330098470C /* PreworkUITests */,
			);
		};
/* End PBXProject section */

/* Begin PBXResourcesBuildPhase section */
		FCB2AD8A28B6D62B0098470C /* Resources */ = {
			isa = PBXResourcesBuildPhase;
			buildActionMask = 2147483647;
			files = (
				FCB2AD9C28B6D6320098470C /* LaunchScreen.storyboard in Resources */,
				FCB2AD9928B6D6320098470C /* Assets.xcassets in Resources */,
				FCB2AD9728B6D62B0098470C /* Main.storyboard in Resources */,
			);
			runOnlyForDeploymentPostprocessing = 0;
		};
		FCB2ADA028B6D6330098470C /* Resources */ = {
			isa = PBXResourcesBuildPhase;
			buildActionMask = 2147483647;
			files = (
			);
			runOnlyForDeploymentPostprocessing = 0;
		};
		FCB2ADAA28B6D6330098470C /* Resources */ = {
			isa = PBXResourcesBuildPhase;
			buildActionMask = 2147483647;
			files = (
			);
			runOnlyForDeploymentPostprocessing = 0;
		};
/* End PBXResourcesBuildPhase section */

/* Begin PBXSourcesBuildPhase section */
		FCB2AD8828B6D62B0098470C /* Sources */ = {
			isa = PBXSourcesBuildPhase;
			buildActionMask = 2147483647;
			files = (
				FCB2AD9428B6D62B0098470C /* ViewController.swift in Sources */,
				FCB2AD9028B6D62B0098470C /* AppDelegate.swift in Sources */,
				FCB2AD9228B6D62B0098470C /* SceneDelegate.swift in Sources */,
			);
			runOnlyForDeploymentPostprocessing = 0;
		};
		FCB2AD9E28B6D6330098470C /* Sources */ = {
			isa = PBXSourcesBuildPhase;
			buildActionMask = 2147483647;
			files = (
				FCB2ADA728B6D6330098470C /* PreworkTests.swift in Sources */,
			);
			runOnlyForDeploymentPostprocessing = 0;
		};
		FCB2ADA828B6D6330098470C /* Sources */ = {
			isa = PBXSourcesBuildPhase;
			buildActionMask = 2147483647;
			files = (
				FCB2ADB128B6D6330098470C /* PreworkUITests.swift in Sources */,
				FCB2ADB328B6D6330098470C /* PreworkUITestsLaunchTests.swift in Sources */,
			);
			runOnlyForDeploymentPostprocessing = 0;
		};
/* End PBXSourcesBuildPhase section */

/* Begin PBXTargetDependency section */
		FCB2ADA428B6D6330098470C /* PBXTargetDependency */ = {
			isa = PBXTargetDependency;
			target = FCB2AD8B28B6D62B0098470C /* Prework */;
			targetProxy = FCB2ADA328B6D6330098470C /* PBXContainerItemProxy */;
		};
		FCB2ADAE28B6D6330098470C /* PBXTargetDependency */ = {
			isa = PBXTargetDependency;
			target = FCB2AD8B28B6D62B0098470C /* Prework */;
			targetProxy = FCB2ADAD28B6D6330098470C /* PBXContainerItemProxy */;
		};
/* End PBXTargetDependency section */

/* Begin PBXVariantGroup section */
		FCB2AD9528B6D62B0098470C /* Main.storyboard */ = {
			isa = PBXVariantGroup;
			children = (
				FCB2AD9628B6D62B0098470C /* Base */,
			);
			name = Main.storyboard;
			sourceTree = "<group>";
		};
		FCB2AD9A28B6D6320098470C /* LaunchScreen.storyboard */ = {
			isa = PBXVariantGroup;
			children = (
				FCB2AD9B28B6D6320098470C /* Base */,
			);
			name = LaunchScreen.storyboard;
			sourceTree = "<group>";
		};
/* End PBXVariantGroup section */

/* Begin XCBuildConfiguration section */
		FCB2ADB428B6D6330098470C /* Debug */ = {
			isa = XCBuildConfiguration;
			buildSettings = {
				ALWAYS_SEARCH_USER_PATHS = NO;
				CLANG_ANALYZER_NONNULL = YES;
				CLANG_ANALYZER_NUMBER_OBJECT_CONVERSION = YES_AGGRESSIVE;
				CLANG_CXX_LANGUAGE_STANDARD = "gnu++17";
				CLANG_CXX_LIBRARY = "libc++";
				CLANG_ENABLE_MODULES = YES;
				CLANG_ENABLE_OBJC_ARC = YES;
				CLANG_ENABLE_OBJC_WEAK = YES;
				CLANG_WARN_BLOCK_CAPTURE_AUTORELEASING = YES;
				CLANG_WARN_BOOL_CONVERSION = YES;
				CLANG_WARN_COMMA = YES;
				CLANG_WARN_CONSTANT_CONVERSION = YES;
				CLANG_WARN_DEPRECATED_OBJC_IMPLEMENTATIONS = YES;
				CLANG_WARN_DIRECT_OBJC_ISA_USAGE = YES_ERROR;
				CLANG_WARN_DOCUMENTATION_COMMENTS = YES;
				CLANG_WARN_EMPTY_BODY = YES;
				CLANG_WARN_ENUM_CONVERSION = YES;
				CLANG_WARN_INFINITE_RECURSION = YES;
				CLANG_WARN_INT_CONVERSION = YES;
				CLANG_WARN_NON_LITERAL_NULL_CONVERSION = YES;
				CLANG_WARN_OBJC_IMPLICIT_RETAIN_SELF = YES;
				CLANG_WARN_OBJC_LITERAL_CONVERSION = YES;
				CLANG_WARN_OBJC_ROOT_CLASS = YES_ERROR;
				CLANG_WARN_QUOTED_INCLUDE_IN_FRAMEWORK_HEADER = YES;
				CLANG_WARN_RANGE_LOOP_ANALYSIS = YES;
				CLANG_WARN_STRICT_PROTOTYPES = YES;
				CLANG_WARN_SUSPICIOUS_MOVE = YES;
				CLANG_WARN_UNGUARDED_AVAILABILITY = YES_AGGRESSIVE;
				CLANG_WARN_UNREACHABLE_CODE = YES;
				CLANG_WARN__DUPLICATE_METHOD_MATCH = YES;
				COPY_PHASE_STRIP = NO;
				DEBUG_INFORMATION_FORMAT = dwarf;
				ENABLE_STRICT_OBJC_MSGSEND = YES;
				ENABLE_TESTABILITY = YES;
				GCC_C_LANGUAGE_STANDARD = gnu11;
				GCC_DYNAMIC_NO_PIC = NO;
				GCC_NO_COMMON_BLOCKS = YES;
				GCC_OPTIMIZATION_LEVEL = 0;
				GCC_PREPROCESSOR_DEFINITIONS = (
					"DEBUG=1",
					"$(inherited)",
				);
				GCC_WARN_64_TO_32_BIT_CONVERSION = YES;
				GCC_WARN_ABOUT_RETURN_TYPE = YES_ERROR;
				GCC_WARN_UNDECLARED_SELECTOR = YES;
				GCC_WARN_UNINITIALIZED_AUTOS = YES_AGGRESSIVE;
				GCC_WARN_UNUSED_FUNCTION = YES;
				GCC_WARN_UNUSED_VARIABLE = YES;
				IPHONEOS_DEPLOYMENT_TARGET = 15.2;
				MTL_ENABLE_DEBUG_INFO = INCLUDE_SOURCE;
				MTL_FAST_MATH = YES;
				ONLY_ACTIVE_ARCH = YES;
				SDKROOT = iphoneos;
				SWIFT_ACTIVE_COMPILATION_CONDITIONS = DEBUG;
				SWIFT_OPTIMIZATION_LEVEL = "-Onone";
			};
			name = Debug;
		};
		FCB2ADB528B6D6330098470C /* Release */ = {
			isa = XCBuildConfiguration;
			buildSettings = {
				ALWAYS_SEARCH_USER_PATHS = NO;
				CLANG_ANALYZER_NONNULL = YES;
				CLANG_ANALYZER_NUMBER_OBJECT_CONVERSION = YES_AGGRESSIVE;
				CLANG_CXX_LANGUAGE_STANDARD = "gnu++17";
				CLANG_CXX_LIBRARY = "libc++";
				CLANG_ENABLE_MODULES = YES;
				CLANG_ENABLE_OBJC_ARC = YES;
				CLANG_ENABLE_OBJC_WEAK = YES;
				CLANG_WARN_BLOCK_CAPTURE_AUTORELEASING = YES;
				CLANG_WARN_BOOL_CONVERSION = YES;
				CLANG_WARN_COMMA = YES;
				CLANG_WARN_CONSTANT_CONVERSION = YES;
				CLANG_WARN_DEPRECATED_OBJC_IMPLEMENTATIONS = YES;
				CLANG_WARN_DIRECT_OBJC_ISA_USAGE = YES_ERROR;
				CLANG_WARN_DOCUMENTATION_COMMENTS = YES;
				CLANG_WARN_EMPTY_BODY = YES;
				CLANG_WARN_ENUM_CONVERSION = YES;
				CLANG_WARN_INFINITE_RECURSION = YES;
				CLANG_WARN_INT_CONVERSION = YES;
				CLANG_WARN_NON_LITERAL_NULL_CONVERSION = YES;
				CLANG_WARN_OBJC_IMPLICIT_RETAIN_SELF = YES;
				CLANG_WARN_OBJC_LITERAL_CONVERSION = YES;
				CLANG_WARN_OBJC_ROOT_CLASS = YES_ERROR;
				CLANG_WARN_QUOTED_INCLUDE_IN_FRAMEWORK_HEADER = YES;
				CLANG_WARN_RANGE_LOOP_ANALYSIS = YES;
				CLANG_WARN_STRICT_PROTOTYPES = YES;
				CLANG_WARN_SUSPICIOUS_MOVE = YES;
				CLANG_WARN_UNGUARDED_AVAILABILITY = YES_AGGRESSIVE;
				CLANG_WARN_UNREACHABLE_CODE = YES;
				CLANG_WARN__DUPLICATE_METHOD_MATCH = YES;
				COPY_PHASE_STRIP = NO;
				DEBUG_INFORMATION_FORMAT = "dwarf-with-dsym";
				ENABLE_NS_ASSERTIONS = NO;
				ENABLE_STRICT_OBJC_MSGSEND = YES;
				GCC_C_LANGUAGE_STANDARD = gnu11;
				GCC_NO_COMMON_BLOCKS = YES;
				GCC_WARN_64_TO_32_BIT_CONVERSION = YES;
				GCC_WARN_ABOUT_RETURN_TYPE = YES_ERROR;
				GCC_WARN_UNDECLARED_SELECTOR = YES;
				GCC_WARN_UNINITIALIZED_AUTOS = YES_AGGRESSIVE;
				GCC_WARN_UNUSED_FUNCTION = YES;
				GCC_WARN_UNUSED_VARIABLE = YES;
				IPHONEOS_DEPLOYMENT_TARGET = 15.2;
				MTL_ENABLE_DEBUG_INFO = NO;
				MTL_FAST_MATH = YES;
				SDKROOT = iphoneos;
				SWIFT_COMPILATION_MODE = wholemodule;
				SWIFT_OPTIMIZATION_LEVEL = "-O";
				VALIDATE_PRODUCT = YES;
			};
			name = Release;
		};
		FCB2ADB728B6D6330098470C /* Debug */ = {
			isa = XCBuildConfiguration;
			buildSettings = {
				ASSETCATALOG_COMPILER_APPICON_NAME = AppIcon;
				ASSETCATALOG_COMPILER_GLOBAL_ACCENT_COLOR_NAME = AccentColor;
				CODE_SIGN_IDENTITY = "Apple Development";
				CODE_SIGN_STYLE = Automatic;
				CURRENT_PROJECT_VERSION = 1;
				DEVELOPMENT_TEAM = "";
				GENERATE_INFOPLIST_FILE = YES;
				INFOPLIST_FILE = Prework/Info.plist;
				INFOPLIST_KEY_UIApplicationSupportsIndirectInputEvents = YES;
				INFOPLIST_KEY_UILaunchStoryboardName = LaunchScreen;
				INFOPLIST_KEY_UIMainStoryboardFile = Main;
				INFOPLIST_KEY_UISupportedInterfaceOrientations_iPad = "UIInterfaceOrientationPortrait UIInterfaceOrientationPortraitUpsideDown UIInterfaceOrientationLandscapeLeft UIInterfaceOrientationLandscapeRight";
				INFOPLIST_KEY_UISupportedInterfaceOrientations_iPhone = "UIInterfaceOrientationPortrait UIInterfaceOrientationLandscapeLeft UIInterfaceOrientationLandscapeRight";
				LD_RUNPATH_SEARCH_PATHS = (
					"$(inherited)",
					"@executable_path/Frameworks",
				);
				MARKETING_VERSION = 1.0;
				PRODUCT_BUNDLE_IDENTIFIER = Codepath.Prework;
				PRODUCT_NAME = "$(TARGET_NAME)";
				PROVISIONING_PROFILE_SPECIFIER = "";
				SWIFT_EMIT_LOC_STRINGS = YES;
				SWIFT_VERSION = 5.0;
				TARGETED_DEVICE_FAMILY = "1,2";
			};
			name = Debug;
		};
		FCB2ADB828B6D6330098470C /* Release */ = {
			isa = XCBuildConfiguration;
			buildSettings = {
				ASSETCATALOG_COMPILER_APPICON_NAME = AppIcon;
				ASSETCATALOG_COMPILER_GLOBAL_ACCENT_COLOR_NAME = AccentColor;
				CODE_SIGN_IDENTITY = "Apple Development";
				CODE_SIGN_STYLE = Automatic;
				CURRENT_PROJECT_VERSION = 1;
				DEVELOPMENT_TEAM = "";
				GENERATE_INFOPLIST_FILE = YES;
				INFOPLIST_FILE = Prework/Info.plist;
				INFOPLIST_KEY_UIApplicationSupportsIndirectInputEvents = YES;
				INFOPLIST_KEY_UILaunchStoryboardName = LaunchScreen;
				INFOPLIST_KEY_UIMainStoryboardFile = Main;
				INFOPLIST_KEY_UISupportedInterfaceOrientations_iPad = "UIInterfaceOrientationPortrait UIInterfaceOrientationPortraitUpsideDown UIInterfaceOrientationLandscapeLeft UIInterfaceOrientationLandscapeRight";
				INFOPLIST_KEY_UISupportedInterfaceOrientations_iPhone = "UIInterfaceOrientationPortrait UIInterfaceOrientationLandscapeLeft UIInterfaceOrientationLandscapeRight";
				LD_RUNPATH_SEARCH_PATHS = (
					"$(inherited)",
					"@executable_path/Frameworks",
				);
				MARKETING_VERSION = 1.0;
				PRODUCT_BUNDLE_IDENTIFIER = Codepath.Prework;
				PRODUCT_NAME = "$(TARGET_NAME)";
				PROVISIONING_PROFILE_SPECIFIER = "";
				SWIFT_EMIT_LOC_STRINGS = YES;
				SWIFT_VERSION = 5.0;
				TARGETED_DEVICE_FAMILY = "1,2";
			};
			name = Release;
		};
		FCB2ADBA28B6D6330098470C /* Debug */ = {
			isa = XCBuildConfiguration;
			buildSettings = {
				ALWAYS_EMBED_SWIFT_STANDARD_LIBRARIES = YES;
				BUNDLE_LOADER = "$(TEST_HOST)";
				CODE_SIGN_STYLE = Automatic;
				CURRENT_PROJECT_VERSION = 1;
				GENERATE_INFOPLIST_FILE = YES;
				IPHONEOS_DEPLOYMENT_TARGET = 15.2;
				MARKETING_VERSION = 1.0;
				PRODUCT_BUNDLE_IDENTIFIER = Codepath.PreworkTests;
				PRODUCT_NAME = "$(TARGET_NAME)";
				SWIFT_EMIT_LOC_STRINGS = NO;
				SWIFT_VERSION = 5.0;
				TARGETED_DEVICE_FAMILY = "1,2";
				TEST_HOST = "$(BUILT_PRODUCTS_DIR)/Prework.app/Prework";
			};
			name = Debug;
		};
		FCB2ADBB28B6D6330098470C /* Release */ = {
			isa = XCBuildConfiguration;
			buildSettings = {
				ALWAYS_EMBED_SWIFT_STANDARD_LIBRARIES = YES;
				BUNDLE_LOADER = "$(TEST_HOST)";
				CODE_SIGN_STYLE = Automatic;
				CURRENT_PROJECT_VERSION = 1;
				GENERATE_INFOPLIST_FILE = YES;
				IPHONEOS_DEPLOYMENT_TARGET = 15.2;
				MARKETING_VERSION = 1.0;
				PRODUCT_BUNDLE_IDENTIFIER = Codepath.PreworkTests;
				PRODUCT_NAME = "$(TARGET_NAME)";
				SWIFT_EMIT_LOC_STRINGS = NO;
				SWIFT_VERSION = 5.0;
				TARGETED_DEVICE_FAMILY = "1,2";
				TEST_HOST = "$(BUILT_PRODUCTS_DIR)/Prework.app/Prework";
			};
			name = Release;
		};
		FCB2ADBD28B6D6330098470C /* Debug */ = {
			isa = XCBuildConfiguration;
			buildSettings = {
				ALWAYS_EMBED_SWIFT_STANDARD_LIBRARIES = YES;
				CODE_SIGN_STYLE = Automatic;
				CURRENT_PROJECT_VERSION = 1;
				GENERATE_INFOPLIST_FILE = YES;
				MARKETING_VERSION = 1.0;
				PRODUCT_BUNDLE_IDENTIFIER = Codepath.PreworkUITests;
				PRODUCT_NAME = "$(TARGET_NAME)";
				SWIFT_EMIT_LOC_STRINGS = NO;
				SWIFT_VERSION = 5.0;
				TARGETED_DEVICE_FAMILY = "1,2";
				TEST_TARGET_NAME = Prework;
			};
			name = Debug;
		};
		FCB2ADBE28B6D6330098470C /* Release */ = {
			isa = XCBuildConfiguration;
			buildSettings = {
				ALWAYS_EMBED_SWIFT_STANDARD_LIBRARIES = YES;
				CODE_SIGN_STYLE = Automatic;
				CURRENT_PROJECT_VERSION = 1;
				GENERATE_INFOPLIST_FILE = YES;
				MARKETING_VERSION = 1.0;
				PRODUCT_BUNDLE_IDENTIFIER = Codepath.PreworkUITests;
				PRODUCT_NAME = "$(TARGET_NAME)";
				SWIFT_EMIT_LOC_STRINGS = NO;
				SWIFT_VERSION = 5.0;
				TARGETED_DEVICE_FAMILY = "1,2";
				TEST_TARGET_NAME = Prework;
			};
			name = Release;
		};
/* End XCBuildConfiguration section */

/* Begin XCConfigurationList section */
		FCB2AD8728B6D62B0098470C /* Build configuration list for PBXProject "Prework" */ = {
			isa = XCConfigurationList;
			buildConfigurations = (
				FCB2ADB428B6D6330098470C /* Debug */,
				FCB2ADB528B6D6330098470C /* Release */,
			);
			defaultConfigurationIsVisible = 0;
			defaultConfigurationName = Release;
		};
		FCB2ADB628B6D6330098470C /* Build configuration list for PBXNativeTarget "Prework" */ = {
			isa = XCConfigurationList;
			buildConfigurations = (
				FCB2ADB728B6D6330098470C /* Debug */,
				FCB2ADB828B6D6330098470C /* Release */,
			);
			defaultConfigurationIsVisible = 0;
			defaultConfigurationName = Release;
		};
		FCB2ADB928B6D6330098470C /* Build configuration list for PBXNativeTarget "PreworkTests" */ = {
			isa = XCConfigurationList;
			buildConfigurations = (
				FCB2ADBA28B6D6330098470C /* Debug */,
				FCB2ADBB28B6D6330098470C /* Release */,
			);
			defaultConfigurationIsVisible = 0;
			defaultConfigurationName = Release;
		};
		FCB2ADBC28B6D6330098470C /* Build configuration list for PBXNativeTarget "PreworkUITests" */ = {
			isa = XCConfigurationList;
			buildConfigurations = (
				FCB2ADBD28B6D6330098470C /* Debug */,
				FCB2ADBE28B6D6330098470C /* Release */,
			);
			defaultConfigurationIsVisible = 0;
			defaultConfigurationName = Release;
		};
/* End XCConfigurationList section */
	};
	rootObject = FCB2AD8428B6D62B0098470C /* Project object */;
}
